# This file is autogenerated, do not edit; changes may be undone by the next 'dep ensure'.


[[projects]]
  name = "github.com/aws/aws-sdk-go"
  packages = [
    "aws",
    "aws/awserr",
    "aws/awsutil",
    "aws/client",
    "aws/client/metadata",
    "aws/corehandlers",
    "aws/credentials",
    "aws/credentials/ec2rolecreds",
    "aws/credentials/endpointcreds",
    "aws/credentials/stscreds",
    "aws/csm",
    "aws/defaults",
    "aws/ec2metadata",
    "aws/endpoints",
    "aws/request",
    "aws/session",
    "aws/signer/v4",
    "internal/ini",
    "internal/sdkio",
    "internal/sdkrand",
    "internal/sdkuri",
    "internal/shareddefaults",
    "private/protocol",
    "private/protocol/json/jsonutil",
    "private/protocol/jsonrpc",
    "private/protocol/query",
    "private/protocol/query/queryutil",
    "private/protocol/rest",
    "private/protocol/xml/xmlutil",
    "service/dynamodb",
    "service/dynamodb/dynamodbattribute",
    "service/sts"
  ]
  revision = "9a79cc876234949427d966249a09fc98e7864bde"
  version = "v1.15.61"

[[projects]]
  name = "github.com/docker/docker"
  packages = [
    "pkg/namesgenerator",
    "pkg/random"
  ]
  revision = "092cba3727bb9b4a2f0e922cd6c0f93ea270e363"
  version = "v1.13.1"

[[projects]]
  name = "github.com/google/uuid"
  packages = ["."]
  revision = "064e2069ce9c359c118179501254f67d7d37ba24"
  version = "0.2"

[[projects]]
  name = "github.com/jmespath/go-jmespath"
  packages = ["."]
  revision = "0b12d6b5"

[[projects]]
  branch = "master"
  name = "github.com/magoo/revel-csrf"
  packages = ["."]
  revision = "aa24265f570c81f9bab6f4c1ecec27fbccf17f5d"

[[projects]]
  name = "github.com/revel/modules"
  packages = [
    "static/app/controllers",
    "testrunner",
    "testrunner/app",
    "testrunner/app/controllers"
  ]
  revision = "f97a4d0320f4ee755526333a0286f787a5bf6d8b"
  version = "v0.19.0"

[[projects]]
  name = "github.com/revel/revel"
  packages = ["testing"]
  revision = "fd65ef0defe5fa045524fd3319515793162a3628"
  version = "v0.20.0"

[[projects]]
  branch = "master"
  name = "golang.org/x/net"
  packages = [
    "context",
    "context/ctxhttp",
    "websocket"
  ]
  revision = "9b4f9f5ad5197c79fd623a3638e70d8b26cef344"

[[projects]]
  branch = "master"
  name = "google.golang.org/api"
  packages = [
    "gensupport",
    "googleapi",
    "googleapi/internal/uritemplates",
    "oauth2/v2"
  ]
  revision = "a2651947f503a1793446d4058bb073a6fdf99e53"

[solve-meta]
  analyzer-name = "dep"
  analyzer-version = 1
  inputs-digest = "bc0bd8c383d9d8cea798601faa74127941d91d9da9210c1d2d5c9c29142f03dc"
  solver-name = "gps-cdcl"
  solver-version = 1
