# This file is autogenerated, do not edit; changes may be undone by the next 'dep ensure'.


[[projects]]
  digest = "1:ae738a928a51fb6a71985e555b3d39d2140e3a52f1f444e71bff6761ab4120fe"
  name = "github.com/aws/aws-sdk-go"
  packages = [
    "aws",
    "aws/awserr",
    "aws/awsutil",
    "aws/client",
    "aws/client/metadata",
    "aws/corehandlers",
    "aws/credentials",
    "aws/credentials/ec2rolecreds",
    "aws/credentials/endpointcreds",
    "aws/credentials/stscreds",
    "aws/csm",
    "aws/defaults",
    "aws/ec2metadata",
    "aws/endpoints",
    "aws/request",
    "aws/session",
    "aws/signer/v4",
    "internal/ini",
    "internal/sdkio",
    "internal/sdkrand",
    "internal/sdkuri",
    "internal/shareddefaults",
    "private/protocol",
    "private/protocol/json/jsonutil",
    "private/protocol/jsonrpc",
    "private/protocol/query",
    "private/protocol/query/queryutil",
    "private/protocol/rest",
    "private/protocol/xml/xmlutil",
    "service/dynamodb",
    "service/dynamodb/dynamodbattribute",
    "service/sts",
  ]
  pruneopts = "T"
  revision = "c446a547f59665b7ce54ac57bd8f8b04e5179563"
  version = "v1.15.62"

[[projects]]
  digest = "1:c1100fc71e23b6a32b2c68a5202a848fd13811d5a10b12edb8019c3667d1cd9a"
  name = "github.com/cenkalti/backoff"
  packages = ["."]
  pruneopts = "T"
  revision = "4b4cebaf850ec58f1bb1fec5bdebdf8501c2bc3f"
  version = "v3.0.0"

[[projects]]
  branch = "master"
  digest = "1:3c57e55080f72335a8914ba91bea30968fdbdb5bf3d177d082a9045445723d08"
  name = "github.com/dghubble/go-twitter"
  packages = ["twitter"]
  pruneopts = "T"
  revision = "39e5462e111ffe165c62a88e2c25e1c1d1085bdb"

[[projects]]
  digest = "1:1d723998c48a5cb1d837ec72183ecfa5c7dc486a0eaa0711fa9126db089decb7"
  name = "github.com/dghubble/gologin"
  packages = [
    ".",
    "github",
    "internal",
    "oauth1",
    "oauth2",
    "twitter",
  ]
  pruneopts = "T"
  revision = "b583eae78663394885200708baf607a22b74fadf"
  version = "v2.1.0"

[[projects]]
  digest = "1:c57423920d82314e2f0abbfdb11ec6a29ef10e783349e287f012f9fdf5d07370"
  name = "github.com/dghubble/oauth1"
  packages = [
    ".",
    "twitter",
  ]
  pruneopts = "T"
  revision = "19d7291ba290f420ccea50e076322aca95f27fcd"
  version = "v0.6.0"

[[projects]]
  branch = "master"
  digest = "1:0df76277442a380a2770410bdf8b1dde64988ba033093ff32eec22ebc4c5c2be"
  name = "github.com/dghubble/sessions"
  packages = ["."]
  pruneopts = "T"
  revision = "9807726e891d9b288c45ada01f4eb13b2d319991"

[[projects]]
  digest = "1:e8523b6bf996413666e34bb57354766610c1131f1288fd09b4516ddbf827ae02"
  name = "github.com/dghubble/sling"
  packages = ["."]
  pruneopts = "T"
  revision = "5a2946623f885d0cfcd7085b039baec12ad53fdd"
  version = "v1.3.0"

[[projects]]
  digest = "1:737600611200b7066942318948256cde82f62c2cafa0045c483f1c7c5fc0ad2b"
  name = "github.com/docker/docker"
  packages = [
    "pkg/namesgenerator",
    "pkg/random",
  ]
  pruneopts = "T"
  revision = "092cba3727bb9b4a2f0e922cd6c0f93ea270e363"
  version = "v1.13.1"

[[projects]]
  digest = "1:c06028bbc52478d997bbc08facb0c315aabc2295094d7bf8833756aa9aa25504"
  name = "github.com/golang/protobuf"
  packages = ["proto"]
  pruneopts = "T"
  revision = "b5d812f8a3706043e23a9cd5babf2e5423744d30"
  version = "v1.3.1"

[[projects]]
  digest = "1:2bed1c08d256942351af631bd6766d934e32969f47268fd66df68d8301f12bfe"
  name = "github.com/google/go-github"
  packages = ["github"]
  pruneopts = "T"
  revision = "8bcc0479b1703906d4203dbffbb59d656783db5a"
  version = "v26.0.2"

[[projects]]
  digest = "1:a98aaa0376806017a5d6f88cb8c3b8206943bd16585f58b394ac62d6e8abbc73"
  name = "github.com/google/go-querystring"
  packages = ["query"]
  pruneopts = "T"
  revision = "44c6ddd0a2342c386950e880b658017258da92fc"
  version = "v1.0.0"

[[projects]]
  digest = "1:8f8811f9be822914c3a25c6a071e93beb4c805d7b026cbf298bc577bc1cc945b"
  name = "github.com/google/uuid"
  packages = ["."]
  pruneopts = "T"
  revision = "064e2069ce9c359c118179501254f67d7d37ba24"
  version = "0.2"

[[projects]]
  digest = "1:3b5918c233248a223d7215e6bd91e2dedb8c2503485e04a2218756f97953cb47"
  name = "github.com/gorilla/securecookie"
  packages = ["."]
  pruneopts = "T"
  revision = "e59506cc896acb7f7bf732d4fdf5e25f7ccd8983"
  version = "v1.1.1"

[[projects]]
  digest = "1:55d1a44ee5e75217224af913201bb5fdb0afe4769fc4853f32a35572c199cf29"
  name = "github.com/inconshreveable/log15"
  packages = ["term"]
  pruneopts = "T"
  revision = "67afb5ed74ec82fd7ac8f49d27c509ac6f991970"
  version = "v2.14"

[[projects]]
  digest = "1:eebce3c1fad57b604c517ea649edd5dcbd2530f0f7e62ac0b7b232f2eacbcc88"
  name = "github.com/jmespath/go-jmespath"
  packages = ["."]
  pruneopts = "T"
  revision = "0b12d6b5"

[[projects]]
  branch = "master"
  digest = "1:c17a219b87eb88e05192dcfe313bab626fa8782427b21ee799a8437a5a2c344c"
  name = "github.com/magoo/revel-csrf"
  packages = ["."]
  pruneopts = "T"
  revision = "aa24265f570c81f9bab6f4c1ecec27fbccf17f5d"

[[projects]]
  digest = "1:b168836ecd85a2d138391dbc464d2442ea9400c29cc0636f2c6056b996692e29"
  name = "github.com/mattn/go-colorable"
  packages = ["."]
  pruneopts = "T"
  revision = "167de6bfdfba052fa6b2d3664c8f5272e23c9072"
  version = "v0.0.9"

[[projects]]
  digest = "1:0981502f9816113c9c8c4ac301583841855c8cf4da8c72f696b3ebedf6d0e4e5"
  name = "github.com/mattn/go-isatty"
  packages = ["."]
  pruneopts = "T"
  revision = "6ca4dbf54d38eea1a992b3c722a76a5d1c4cb25c"
  version = "v0.0.4"

[[projects]]
  digest = "1:44abf07d5be18dc7ce9299b74ec68bb18f5bcb75e72f7e81750b6f103969521d"
  name = "github.com/revel/config"
  packages = ["."]
  pruneopts = "T"
  revision = "662332b741dd464a886ab0901379c02b9bc5dc30"
  version = "v0.20.0"

[[projects]]
  digest = "1:5feca17db09c8862450c74a1fc0a3e5c56dcf7b5866eff623907f43554820b77"
  name = "github.com/revel/log15"
  packages = ["."]
  pruneopts = "T"
  revision = "793412a67da6f8d15fede4c38f5c66272478cb8a"
  version = "v2.11.20"

[[projects]]
  digest = "1:04a343093f76d611b8eb5f5fd3d577b894d2907edbe5be8f661f5a65c8dabb78"
  name = "github.com/revel/modules"
  packages = [
    ".",
    "static/app/controllers",
    "static/app/model",
    "testrunner/app",
    "testrunner/app/controllers",
  ]
  pruneopts = "T"
  revision = "6403ed92ef388a1ec746c08db8456397fc0b8f89"
  version = "v0.20.1"

[[projects]]
  branch = "master"
  digest = "1:a0812e773563f2e41afebf582088a86b0f01eb5bd794c19ecc1bce25820b1fa2"
  name = "github.com/revel/pathtree"
  packages = ["."]
  pruneopts = "T"
  revision = "41257a1839e945fce74afd070e02bab2ea2c776a"

[[projects]]
  digest = "1:f6c9d732866e17eacaa57cfc54a02013809de9e863197a86692134f15d3a153c"
  name = "github.com/revel/revel"
  packages = [
    ".",
    "logger",
    "testing",
  ]
  pruneopts = "T"
  revision = "fd65ef0defe5fa045524fd3319515793162a3628"
  version = "v0.20.0"

[[projects]]
  digest = "1:aafbac4d92cf743e01242738f6aa09cb7aa5259d7e1221cc2c146eb99854cc8e"
  name = "github.com/xeonx/timeago"
  packages = ["."]
  pruneopts = "T"
  revision = "714e6695c468c22fb6431a914d8c5f9d19fa2367"
  version = "v1.0.0-rc3"

[[projects]]
  branch = "master"
  digest = "1:0c04b2a25e05e53a014eb3329cd9e3759bee811e333cf6db2ec1819d6c2dad31"
  name = "golang.org/x/net"
  packages = [
    "context",
    "context/ctxhttp",
    "websocket",
  ]
  pruneopts = "T"
  revision = "9b4f9f5ad5197c79fd623a3638e70d8b26cef344"

[[projects]]
  branch = "master"
  digest = "1:5c4903dc027aa1eb2d6f1e5c85754f353eff2f99874e987dbeccda17e58e84b8"
  name = "golang.org/x/oauth2"
  packages = [
    ".",
    "github",
    "internal",
  ]
  pruneopts = "T"
  revision = "0f29369cfe4552d0e4bcddc57cc75f4d7e672a33"

[[projects]]
  branch = "master"
  digest = "1:d6d9bf31934efd450aeb0a07061dce8a0e84bc80e4aae05841dd588325832a40"
  name = "golang.org/x/sys"
  packages = ["unix"]
  pruneopts = "T"
  revision = "5cd93ef61a7c8f0f858690154eb6de2e69415fa1"

[[projects]]
  branch = "master"
  digest = "1:da6605042a480ddf51b5261d24f4dc73f4016fc6ec9acb8185a69de982921596"
  name = "google.golang.org/api"
  packages = [
    "gensupport",
    "googleapi",
    "googleapi/internal/uritemplates",
    "oauth2/v2",
  ]
  pruneopts = "T"
  revision = "a2651947f503a1793446d4058bb073a6fdf99e53"

[[projects]]
  digest = "1:04b9a99f5ff102323281698000a18c2daabde66baea55fe74941d6c82ed715a8"
  name = "google.golang.org/appengine"
  packages = [
    "internal",
    "internal/base",
    "internal/datastore",
    "internal/log",
    "internal/remote_api",
    "internal/urlfetch",
    "urlfetch",
  ]
  pruneopts = "T"
  revision = "b2f4a3cf3c67576a2ee09e1fe62656a5086ce880"
  version = "v1.6.1"

[[projects]]
  digest = "1:7fc160b460a6fc506b37fcca68332464c3f2cd57b6e3f111f26c5bbfd2d5518e"
  name = "gopkg.in/fsnotify/fsnotify.v1"
  packages = ["."]
  pruneopts = "T"
  revision = "c2828203cd70a50dcccfb2761f8b1f8ceef9a8e9"
  version = "v1.4.7"

[[projects]]
  digest = "1:c805e517269b0ba4c21ded5836019ed7d16953d4026cb7d00041d039c7906be9"
  name = "gopkg.in/natefinch/lumberjack.v2"
  packages = ["."]
  pruneopts = "T"
  revision = "a96e63847dc3c67d17befa69c303767e2f84e54f"
  version = "v2.1"

[[projects]]
  branch = "v0"
  digest = "1:00d2943cfcfbb3dc043f6d8586d0db5a9e8507c36429babe8d5d1af8ee43a753"
  name = "gopkg.in/stack.v0"
  packages = ["."]
  pruneopts = "T"
  revision = "9b43fcefddd0178abdabf4d484ab0d695d0011db"

[solve-meta]
  analyzer-name = "dep"
  analyzer-version = 1
  input-imports = [
    "github.com/aws/aws-sdk-go/aws",
    "github.com/aws/aws-sdk-go/aws/session",
    "github.com/aws/aws-sdk-go/service/dynamodb",
    "github.com/aws/aws-sdk-go/service/dynamodb/dynamodbattribute",
    "github.com/dghubble/gologin",
    "github.com/dghubble/gologin/github",
    "github.com/dghubble/gologin/twitter",
    "github.com/dghubble/oauth1",
    "github.com/dghubble/oauth1/twitter",
    "github.com/dghubble/sessions",
    "github.com/docker/docker/pkg/namesgenerator",
    "github.com/google/go-github/github",
    "github.com/google/uuid",
    "github.com/magoo/revel-csrf",
    "github.com/revel/modules",
    "github.com/revel/modules/static/app/controllers",
    "github.com/revel/modules/testrunner/app",
    "github.com/revel/modules/testrunner/app/controllers",
    "github.com/revel/revel",
    "github.com/revel/revel/testing",
    "golang.org/x/oauth2",
    "golang.org/x/oauth2/github",
    "google.golang.org/api/oauth2/v2",
  ]
  solver-name = "gps-cdcl"
  solver-version = 1
