{
    "version": 3,
    "terraform_version": "0.9.2",
    "serial": 6,
    "lineage": "e86b6fe1-abb4-44fb-a361-1107f5f3aa95",
    "modules": [
        {
            "path": [
                "root"
            ],
            "outputs": {},
            "resources": {
                "aws_dynamodb_table.forecasts": {
                    "type": "aws_dynamodb_table",
                    "depends_on": [],
                    "primary": {
                        "id": "forecasts-tf",
                        "attributes": {
                            "arn": "arn:aws:dynamodb:us-west-2:832911230879:table/forecasts-tf",
                            "attribute.#": "2",
                            "attribute.1535562263.name": "sid",
                            "attribute.1535562263.type": "S",
                            "attribute.3832840098.name": "ownerid",
                            "attribute.3832840098.type": "S",
                            "global_secondary_index.#": "1",
                            "global_secondary_index.3109250926.hash_key": "sid",
                            "global_secondary_index.3109250926.name": "sid-index",
                            "global_secondary_index.3109250926.non_key_attributes.#": "0",
                            "global_secondary_index.3109250926.projection_type": "ALL",
                            "global_secondary_index.3109250926.range_key": "",
                            "global_secondary_index.3109250926.read_capacity": "1",
                            "global_secondary_index.3109250926.write_capacity": "1",
                            "hash_key": "sid",
                            "id": "forecasts-tf",
                            "local_secondary_index.#": "0",
                            "name": "forecasts-tf",
                            "range_key": "ownerid",
                            "read_capacity": "1",
                            "write_capacity": "1"
                        },
                        "meta": {},
                        "tainted": false
                    },
                    "deposed": [],
                    "provider": ""
                },
                "aws_dynamodb_table.scenarios": {
                    "type": "aws_dynamodb_table",
                    "depends_on": [],
                    "primary": {
                        "id": "scenarios-tf",
                        "attributes": {
                            "arn": "arn:aws:dynamodb:us-west-2:832911230879:table/scenarios-tf",
                            "attribute.#": "2",
                            "attribute.1535562263.name": "sid",
                            "attribute.1535562263.type": "S",
                            "attribute.3466718729.name": "owner",
                            "attribute.3466718729.type": "S",
                            "global_secondary_index.#": "1",
                            "global_secondary_index.2937351894.hash_key": "ownerid",
                            "global_secondary_index.2937351894.name": "ownerid-index",
                            "global_secondary_index.2937351894.non_key_attributes.#": "0",
                            "global_secondary_index.2937351894.projection_type": "ALL",
                            "global_secondary_index.2937351894.range_key": "",
                            "global_secondary_index.2937351894.read_capacity": "1",
                            "global_secondary_index.2937351894.write_capacity": "1",
                            "hash_key": "sid",
                            "id": "scenarios-tf",
                            "local_secondary_index.#": "0",
                            "name": "scenarios-tf",
                            "read_capacity": "1",
                            "write_capacity": "1"
                        },
                        "meta": {},
                        "tainted": false
                    },
                    "deposed": [],
                    "provider": ""
                }
            },
            "depends_on": []
        }
    ]
}
